
Microsoft Visual Studio Solution File, Format Version 12.00
# Visual Studio Version 17
VisualStudioVersion = 17.5.33530.505
MinimumVisualStudioVersion = 10.0.40219.1
Project("{9A19103F-16F7-4668-BE54-9A1E7A4F7556}") = "Calculator", "Calculator.csproj", "{639563BD-6710-431F-8492-D89D42DAB663}"
EndProject
Project("{FAE04EC0-301F-11D3-BF4B-00C04F79EFBC}") = "Calculator-XUnitTest", "Calculator-XUnitTest\Calculator-XUnitTest.csproj", "{945D250B-FED9-46B7-90FD-F95ACD348CB1}"
EndProject
Global
	GlobalSection(SolutionConfigurationPlatforms) = preSolution
		Debug|Any CPU = Debug|Any CPU
		Release|Any CPU = Release|Any CPU
	EndGlobalSection
	GlobalSection(ProjectConfigurationPlatforms) = postSolution
		{639563BD-6710-431F-8492-D89D42DAB663}.Debug|Any CPU.ActiveCfg = Debug|Any CPU
		{639563BD-6710-431F-8492-D89D42DAB663}.Debug|Any CPU.Build.0 = Debug|Any CPU
		{639563BD-6710-431F-8492-D89D42DAB663}.Release|Any CPU.ActiveCfg = Release|Any CPU
		{639563BD-6710-431F-8492-D89D42DAB663}.Release|Any CPU.Build.0 = Release|Any CPU
		{945D250B-FED9-46B7-90FD-F95ACD348CB1}.Debug|Any CPU.ActiveCfg = Debug|Any CPU
		{945D250B-FED9-46B7-90FD-F95ACD348CB1}.Debug|Any CPU.Build.0 = Debug|Any CPU
		{945D250B-FED9-46B7-90FD-F95ACD348CB1}.Release|Any CPU.ActiveCfg = Release|Any CPU
		{945D250B-FED9-46B7-90FD-F95ACD348CB1}.Release|Any CPU.Build.0 = Release|Any CPU
	EndGlobalSection
	GlobalSection(SolutionProperties) = preSolution
		HideSolutionNode = FALSE
	EndGlobalSection
	GlobalSection(ExtensibilityGlobals) = postSolution
		SolutionGuid = {CB0F4E4C-6A35-4944-B7AC-3BEFE67BE510}
	EndGlobalSection
EndGlobal
